
Microsoft Visual Studio Solution File, Format Version 12.00
# Visual Studio 15
VisualStudioVersion = 15.0.26124.0
MinimumVisualStudioVersion = 15.0.26124.0
Project("{FAE04EC0-301F-11D3-BF4B-00C04F79EFBC}") = "WebAPI", "WebAPI\WebAPI.csproj", "{0E103929-58A3-4642-BFDF-D90D476B326B}"
EndProject
Project("{FAE04EC0-301F-11D3-BF4B-00C04F79EFBC}") = "Core", "Core\Core.csproj", "{D21D8694-3EA3-4417-9D2B-8C733FEDF7CD}"
EndProject
Project("{FAE04EC0-301F-11D3-BF4B-00C04F79EFBC}") = "Services", "Services\Services.csproj", "{CABE968A-6867-4FC2-89E4-09D77FA6ED70}"
EndProject
Project("{FAE04EC0-301F-11D3-BF4B-00C04F79EFBC}") = "Repositories", "Repositories\Repositories.csproj", "{81FF2D20-8994-4D60-8D11-AD37FD969EB2}"
EndProject
Global
	GlobalSection(SolutionConfigurationPlatforms) = preSolution
		Debug|Any CPU = Debug|Any CPU
		Debug|x64 = Debug|x64
		Debug|x86 = Debug|x86
		Release|Any CPU = Release|Any CPU
		Release|x64 = Release|x64
		Release|x86 = Release|x86
	EndGlobalSection
	GlobalSection(SolutionProperties) = preSolution
		HideSolutionNode = FALSE
	EndGlobalSection
	GlobalSection(ProjectConfigurationPlatforms) = postSolution
		{0E103929-58A3-4642-BFDF-D90D476B326B}.Debug|Any CPU.ActiveCfg = Debug|Any CPU
		{0E103929-58A3-4642-BFDF-D90D476B326B}.Debug|Any CPU.Build.0 = Debug|Any CPU
		{0E103929-58A3-4642-BFDF-D90D476B326B}.Debug|x64.ActiveCfg = Debug|Any CPU
		{0E103929-58A3-4642-BFDF-D90D476B326B}.Debug|x64.Build.0 = Debug|Any CPU
		{0E103929-58A3-4642-BFDF-D90D476B326B}.Debug|x86.ActiveCfg = Debug|Any CPU
		{0E103929-58A3-4642-BFDF-D90D476B326B}.Debug|x86.Build.0 = Debug|Any CPU
		{0E103929-58A3-4642-BFDF-D90D476B326B}.Release|Any CPU.ActiveCfg = Release|Any CPU
		{0E103929-58A3-4642-BFDF-D90D476B326B}.Release|Any CPU.Build.0 = Release|Any CPU
		{0E103929-58A3-4642-BFDF-D90D476B326B}.Release|x64.ActiveCfg = Release|Any CPU
		{0E103929-58A3-4642-BFDF-D90D476B326B}.Release|x64.Build.0 = Release|Any CPU
		{0E103929-58A3-4642-BFDF-D90D476B326B}.Release|x86.ActiveCfg = Release|Any CPU
		{0E103929-58A3-4642-BFDF-D90D476B326B}.Release|x86.Build.0 = Release|Any CPU
		{D21D8694-3EA3-4417-9D2B-8C733FEDF7CD}.Debug|Any CPU.ActiveCfg = Debug|Any CPU
		{D21D8694-3EA3-4417-9D2B-8C733FEDF7CD}.Debug|Any CPU.Build.0 = Debug|Any CPU
		{D21D8694-3EA3-4417-9D2B-8C733FEDF7CD}.Debug|x64.ActiveCfg = Debug|Any CPU
		{D21D8694-3EA3-4417-9D2B-8C733FEDF7CD}.Debug|x64.Build.0 = Debug|Any CPU
		{D21D8694-3EA3-4417-9D2B-8C733FEDF7CD}.Debug|x86.ActiveCfg = Debug|Any CPU
		{D21D8694-3EA3-4417-9D2B-8C733FEDF7CD}.Debug|x86.Build.0 = Debug|Any CPU
		{D21D8694-3EA3-4417-9D2B-8C733FEDF7CD}.Release|Any CPU.ActiveCfg = Release|Any CPU
		{D21D8694-3EA3-4417-9D2B-8C733FEDF7CD}.Release|Any CPU.Build.0 = Release|Any CPU
		{D21D8694-3EA3-4417-9D2B-8C733FEDF7CD}.Release|x64.ActiveCfg = Release|Any CPU
		{D21D8694-3EA3-4417-9D2B-8C733FEDF7CD}.Release|x64.Build.0 = Release|Any CPU
		{D21D8694-3EA3-4417-9D2B-8C733FEDF7CD}.Release|x86.ActiveCfg = Release|Any CPU
		{D21D8694-3EA3-4417-9D2B-8C733FEDF7CD}.Release|x86.Build.0 = Release|Any CPU
		{CCE27FCF-C09B-423B-B38E-581EA9F8FE01}.Debug|Any CPU.ActiveCfg = Debug|Any CPU
		{CCE27FCF-C09B-423B-B38E-581EA9F8FE01}.Debug|Any CPU.Build.0 = Debug|Any CPU
		{CCE27FCF-C09B-423B-B38E-581EA9F8FE01}.Debug|x64.ActiveCfg = Debug|Any CPU
		{CCE27FCF-C09B-423B-B38E-581EA9F8FE01}.Debug|x64.Build.0 = Debug|Any CPU
		{CCE27FCF-C09B-423B-B38E-581EA9F8FE01}.Debug|x86.ActiveCfg = Debug|Any CPU
		{CCE27FCF-C09B-423B-B38E-581EA9F8FE01}.Debug|x86.Build.0 = Debug|Any CPU
		{CCE27FCF-C09B-423B-B38E-581EA9F8FE01}.Release|Any CPU.ActiveCfg = Release|Any CPU
		{CCE27FCF-C09B-423B-B38E-581EA9F8FE01}.Release|Any CPU.Build.0 = Release|Any CPU
		{CCE27FCF-C09B-423B-B38E-581EA9F8FE01}.Release|x64.ActiveCfg = Release|Any CPU
		{CCE27FCF-C09B-423B-B38E-581EA9F8FE01}.Release|x64.Build.0 = Release|Any CPU
		{CCE27FCF-C09B-423B-B38E-581EA9F8FE01}.Release|x86.ActiveCfg = Release|Any CPU
		{CCE27FCF-C09B-423B-B38E-581EA9F8FE01}.Release|x86.Build.0 = Release|Any CPU
		{CABE968A-6867-4FC2-89E4-09D77FA6ED70}.Debug|Any CPU.ActiveCfg = Debug|Any CPU
		{CABE968A-6867-4FC2-89E4-09D77FA6ED70}.Debug|Any CPU.Build.0 = Debug|Any CPU
		{CABE968A-6867-4FC2-89E4-09D77FA6ED70}.Debug|x64.ActiveCfg = Debug|Any CPU
		{CABE968A-6867-4FC2-89E4-09D77FA6ED70}.Debug|x64.Build.0 = Debug|Any CPU
		{CABE968A-6867-4FC2-89E4-09D77FA6ED70}.Debug|x86.ActiveCfg = Debug|Any CPU
		{CABE968A-6867-4FC2-89E4-09D77FA6ED70}.Debug|x86.Build.0 = Debug|Any CPU
		{CABE968A-6867-4FC2-89E4-09D77FA6ED70}.Release|Any CPU.ActiveCfg = Release|Any CPU
		{CABE968A-6867-4FC2-89E4-09D77FA6ED70}.Release|Any CPU.Build.0 = Release|Any CPU
		{CABE968A-6867-4FC2-89E4-09D77FA6ED70}.Release|x64.ActiveCfg = Release|Any CPU
		{CABE968A-6867-4FC2-89E4-09D77FA6ED70}.Release|x64.Build.0 = Release|Any CPU
		{CABE968A-6867-4FC2-89E4-09D77FA6ED70}.Release|x86.ActiveCfg = Release|Any CPU
		{CABE968A-6867-4FC2-89E4-09D77FA6ED70}.Release|x86.Build.0 = Release|Any CPU
		{81FF2D20-8994-4D60-8D11-AD37FD969EB2}.Debug|Any CPU.ActiveCfg = Debug|Any CPU
		{81FF2D20-8994-4D60-8D11-AD37FD969EB2}.Debug|Any CPU.Build.0 = Debug|Any CPU
		{81FF2D20-8994-4D60-8D11-AD37FD969EB2}.Debug|x64.ActiveCfg = Debug|Any CPU
		{81FF2D20-8994-4D60-8D11-AD37FD969EB2}.Debug|x64.Build.0 = Debug|Any CPU
		{81FF2D20-8994-4D60-8D11-AD37FD969EB2}.Debug|x86.ActiveCfg = Debug|Any CPU
		{81FF2D20-8994-4D60-8D11-AD37FD969EB2}.Debug|x86.Build.0 = Debug|Any CPU
		{81FF2D20-8994-4D60-8D11-AD37FD969EB2}.Release|Any CPU.ActiveCfg = Release|Any CPU
		{81FF2D20-8994-4D60-8D11-AD37FD969EB2}.Release|Any CPU.Build.0 = Release|Any CPU
		{81FF2D20-8994-4D60-8D11-AD37FD969EB2}.Release|x64.ActiveCfg = Release|Any CPU
		{81FF2D20-8994-4D60-8D11-AD37FD969EB2}.Release|x64.Build.0 = Release|Any CPU
		{81FF2D20-8994-4D60-8D11-AD37FD969EB2}.Release|x86.ActiveCfg = Release|Any CPU
		{81FF2D20-8994-4D60-8D11-AD37FD969EB2}.Release|x86.Build.0 = Release|Any CPU
	EndGlobalSection
EndGlobal
